// !$*UTF8*$!
{
	archiveVersion = 1;
	classes = {
	};
	objectVersion = 46;
	objects = {

/* Begin PBXBuildFile section */
		C27ACEF21DC73C1400B2B0A3 /* main.m in Sources */ = {isa = PBXBuildFile; fileRef = C27ACEF11DC73C1400B2B0A3 /* main.m */; };
		C27ACEF51DC73C1400B2B0A3 /* AppDelegate.m in Sources */ = {isa = PBXBuildFile; fileRef = C27ACEF41DC73C1400B2B0A3 /* AppDelegate.m */; };
		C27ACEF81DC73C1400B2B0A3 /* ViewController.m in Sources */ = {isa = PBXBuildFile; fileRef = C27ACEF71DC73C1400B2B0A3 /* ViewController.m */; };
		C27ACEFB1DC73C1400B2B0A3 /* Main.storyboard in Resources */ = {isa = PBXBuildFile; fileRef = C27ACEF91DC73C1400B2B0A3 /* Main.storyboard */; };
		C27ACEFD1DC73C1400B2B0A3 /* Assets.xcassets in Resources */ = {isa = PBXBuildFile; fileRef = C27ACEFC1DC73C1400B2B0A3 /* Assets.xcassets */; };
		C27ACF001DC73C1400B2B0A3 /* LaunchScreen.storyboard in Resources */ = {isa = PBXBuildFile; fileRef = C27ACEFE1DC73C1400B2B0A3 /* LaunchScreen.storyboard */; };
		C2DA80EF1E2F800E00A288BD /* CCQUserFeedBackViewController.m in Sources */ = {isa = PBXBuildFile; fileRef = C2DA80EE1E2F800E00A288BD /* CCQUserFeedBackViewController.m */; };
		C2DA80F21E2F803A00A288BD /* CCQPlaceholderTextView.m in Sources */ = {isa = PBXBuildFile; fileRef = C2DA80F11E2F803A00A288BD /* CCQPlaceholderTextView.m */; };
		C2DA80F51E2F805500A288BD /* CCQPhotoCollectionViewCell.m in Sources */ = {isa = PBXBuildFile; fileRef = C2DA80F41E2F805500A288BD /* CCQPhotoCollectionViewCell.m */; };
/* End PBXBuildFile section */

/* Begin PBXFileReference section */
		C27ACEED1DC73C1400B2B0A3 /* DazzleLight.app */ = {isa = PBXFileReference; explicitFileType = wrapper.application; includeInIndex = 0; path = DazzleLight.app; sourceTree = BUILT_PRODUCTS_DIR; };
		C27ACEF11DC73C1400B2B0A3 /* main.m */ = {isa = PBXFileReference; lastKnownFileType = sourcecode.c.objc; path = main.m; sourceTree = "<group>"; };
		C27ACEF31DC73C1400B2B0A3 /* AppDelegate.h */ = {isa = PBXFileReference; lastKnownFileType = sourcecode.c.h; path = AppDelegate.h; sourceTree = "<group>"; };
		C27ACEF41DC73C1400B2B0A3 /* AppDelegate.m */ = {isa = PBXFileReference; lastKnownFileType = sourcecode.c.objc; path = AppDelegate.m; sourceTree = "<group>"; };
		C27ACEF61DC73C1400B2B0A3 /* ViewController.h */ = {isa = PBXFileReference; lastKnownFileType = sourcecode.c.h; path = ViewController.h; sourceTree = "<group>"; };
		C27ACEF71DC73C1400B2B0A3 /* ViewController.m */ = {isa = PBXFileReference; lastKnownFileType = sourcecode.c.objc; path = ViewController.m; sourceTree = "<group>"; };
		C27ACEFA1DC73C1400B2B0A3 /* Base */ = {isa = PBXFileReference; lastKnownFileType = file.storyboard; name = Base; path = Base.lproj/Main.storyboard; sourceTree = "<group>"; };
		C27ACEFC1DC73C1400B2B0A3 /* Assets.xcassets */ = {isa = PBXFileReference; lastKnownFileType = folder.assetcatalog; path = Assets.xcassets; sourceTree = "<group>"; };
		C27ACEFF1DC73C1400B2B0A3 /* Base */ = {isa = PBXFileReference; lastKnownFileType = file.storyboard; name = Base; path = Base.lproj/LaunchScreen.storyboard; sourceTree = "<group>"; };
		C27ACF011DC73C1400B2B0A3 /* Info.plist */ = {isa = PBXFileReference; lastKnownFileType = text.plist.xml; path = Info.plist; sourceTree = "<group>"; };
		C2DA80ED1E2F800E00A288BD /* CCQUserFeedBackViewController.h */ = {isa = PBXFileReference; fileEncoding = 4; lastKnownFileType = sourcecode.c.h; path = CCQUserFeedBackViewController.h; sourceTree = "<group>"; };
		C2DA80EE1E2F800E00A288BD /* CCQUserFeedBackViewController.m */ = {isa = PBXFileReference; fileEncoding = 4; lastKnownFileType = sourcecode.c.objc; path = CCQUserFeedBackViewController.m; sourceTree = "<group>"; };
		C2DA80F01E2F803A00A288BD /* CCQPlaceholderTextView.h */ = {isa = PBXFileReference; fileEncoding = 4; lastKnownFileType = sourcecode.c.h; path = CCQPlaceholderTextView.h; sourceTree = "<group>"; };
		C2DA80F11E2F803A00A288BD /* CCQPlaceholderTextView.m */ = {isa = PBXFileReference; fileEncoding = 4; lastKnownFileType = sourcecode.c.objc; path = CCQPlaceholderTextView.m; sourceTree = "<group>"; };
		C2DA80F31E2F805500A288BD /* CCQPhotoCollectionViewCell.h */ = {isa = PBXFileReference; fileEncoding = 4; lastKnownFileType = sourcecode.c.h; path = CCQPhotoCollectionViewCell.h; sourceTree = "<group>"; };
		C2DA80F41E2F805500A288BD /* CCQPhotoCollectionViewCell.m */ = {isa = PBXFileReference; fileEncoding = 4; lastKnownFileType = sourcecode.c.objc; path = CCQPhotoCollectionViewCell.m; sourceTree = "<group>"; };
/* End PBXFileReference section */

/* Begin PBXFrameworksBuildPhase section */
		C27ACEEA1DC73C1400B2B0A3 /* Frameworks */ = {
			isa = PBXFrameworksBuildPhase;
			buildActionMask = 2147483647;
			files = (
			);
			runOnlyForDeploymentPostprocessing = 0;
		};
/* End PBXFrameworksBuildPhase section */

/* Begin PBXGroup section */
		C25D513F1E2F5FD000C735A1 /* Alipay */ = {
			isa = PBXGroup;
			children = (
			);
			path = Alipay;
			sourceTree = "<group>";
		};
		C27ACEE41DC73C1400B2B0A3 = {
			isa = PBXGroup;
			children = (
				C27ACEEF1DC73C1400B2B0A3 /* DazzleLight */,
				C27ACEEE1DC73C1400B2B0A3 /* Products */,
			);
			sourceTree = "<group>";
		};
		C27ACEEE1DC73C1400B2B0A3 /* Products */ = {
			isa = PBXGroup;
			children = (
				C27ACEED1DC73C1400B2B0A3 /* DazzleLight.app */,
			);
			name = Products;
			sourceTree = "<group>";
		};
		C27ACEEF1DC73C1400B2B0A3 /* DazzleLight */ = {
			isa = PBXGroup;
			children = (
				C2DA80E91E2F7F6600A288BD /* UserFeedback(意见反馈) */,
				C25D513F1E2F5FD000C735A1 /* Alipay */,
				C27ACEF31DC73C1400B2B0A3 /* AppDelegate.h */,
				C27ACEF41DC73C1400B2B0A3 /* AppDelegate.m */,
				C27ACEF61DC73C1400B2B0A3 /* ViewController.h */,
				C27ACEF71DC73C1400B2B0A3 /* ViewController.m */,
				C27ACEF91DC73C1400B2B0A3 /* Main.storyboard */,
				C27ACEFC1DC73C1400B2B0A3 /* Assets.xcassets */,
				C27ACEFE1DC73C1400B2B0A3 /* LaunchScreen.storyboard */,
				C27ACF011DC73C1400B2B0A3 /* Info.plist */,
				C27ACEF01DC73C1400B2B0A3 /* Supporting Files */,
			);
			path = DazzleLight;
			sourceTree = "<group>";
		};
		C27ACEF01DC73C1400B2B0A3 /* Supporting Files */ = {
			isa = PBXGroup;
			children = (
				C27ACEF11DC73C1400B2B0A3 /* main.m */,
			);
			name = "Supporting Files";
			sourceTree = "<group>";
		};
		C2DA80E91E2F7F6600A288BD /* UserFeedback(意见反馈) */ = {
			isa = PBXGroup;
			children = (
				C2DA80ED1E2F800E00A288BD /* CCQUserFeedBackViewController.h */,
				C2DA80EE1E2F800E00A288BD /* CCQUserFeedBackViewController.m */,
				C2DA80F01E2F803A00A288BD /* CCQPlaceholderTextView.h */,
				C2DA80F11E2F803A00A288BD /* CCQPlaceholderTextView.m */,
				C2DA80F31E2F805500A288BD /* CCQPhotoCollectionViewCell.h */,
				C2DA80F41E2F805500A288BD /* CCQPhotoCollectionViewCell.m */,
			);
			name = "UserFeedback(意见反馈)";
			path = UserFeedback;
			sourceTree = "<group>";
		};
/* End PBXGroup section */

/* Begin PBXNativeTarget section */
		C27ACEEC1DC73C1400B2B0A3 /* DazzleLight */ = {
			isa = PBXNativeTarget;
			buildConfigurationList = C27ACF041DC73C1400B2B0A3 /* Build configuration list for PBXNativeTarget "DazzleLight" */;
			buildPhases = (
				C27ACEE91DC73C1400B2B0A3 /* Sources */,
				C27ACEEA1DC73C1400B2B0A3 /* Frameworks */,
				C27ACEEB1DC73C1400B2B0A3 /* Resources */,
			);
			buildRules = (
			);
			dependencies = (
			);
			name = DazzleLight;
			productName = DazzleLight;
			productReference = C27ACEED1DC73C1400B2B0A3 /* DazzleLight.app */;
			productType = "com.apple.product-type.application";
		};
/* End PBXNativeTarget section */

/* Begin PBXProject section */
		C27ACEE51DC73C1400B2B0A3 /* Project object */ = {
			isa = PBXProject;
			attributes = {
				LastUpgradeCheck = 0810;
				ORGANIZATIONNAME = ccq;
				TargetAttributes = {
					C27ACEEC1DC73C1400B2B0A3 = {
						CreatedOnToolsVersion = 8.1;
						DevelopmentTeam = HCPQ4JRW53;
						ProvisioningStyle = Automatic;
					};
				};
			};
			buildConfigurationList = C27ACEE81DC73C1400B2B0A3 /* Build configuration list for PBXProject "DazzleLight" */;
			compatibilityVersion = "Xcode 3.2";
			developmentRegion = English;
			hasScannedForEncodings = 0;
			knownRegions = (
				en,
				Base,
			);
			mainGroup = C27ACEE41DC73C1400B2B0A3;
			productRefGroup = C27ACEEE1DC73C1400B2B0A3 /* Products */;
			projectDirPath = "";
			projectRoot = "";
			targets = (
				C27ACEEC1DC73C1400B2B0A3 /* DazzleLight */,
			);
		};
/* End PBXProject section */

/* Begin PBXResourcesBuildPhase section */
		C27ACEEB1DC73C1400B2B0A3 /* Resources */ = {
			isa = PBXResourcesBuildPhase;
			buildActionMask = 2147483647;
			files = (
				C27ACF001DC73C1400B2B0A3 /* LaunchScreen.storyboard in Resources */,
				C27ACEFD1DC73C1400B2B0A3 /* Assets.xcassets in Resources */,
				C27ACEFB1DC73C1400B2B0A3 /* Main.storyboard in Resources */,
			);
			runOnlyForDeploymentPostprocessing = 0;
		};
/* End PBXResourcesBuildPhase section */

/* Begin PBXSourcesBuildPhase section */
		C27ACEE91DC73C1400B2B0A3 /* Sources */ = {
			isa = PBXSourcesBuildPhase;
			buildActionMask = 2147483647;
			files = (
				C2DA80EF1E2F800E00A288BD /* CCQUserFeedBackViewController.m in Sources */,
				C27ACEF81DC73C1400B2B0A3 /* ViewController.m in Sources */,
				C27ACEF51DC73C1400B2B0A3 /* AppDelegate.m in Sources */,
				C2DA80F51E2F805500A288BD /* CCQPhotoCollectionViewCell.m in Sources */,
				C2DA80F21E2F803A00A288BD /* CCQPlaceholderTextView.m in Sources */,
				C27ACEF21DC73C1400B2B0A3 /* main.m in Sources */,
			);
			runOnlyForDeploymentPostprocessing = 0;
		};
/* End PBXSourcesBuildPhase section */

/* Begin PBXVariantGroup section */
		C27ACEF91DC73C1400B2B0A3 /* Main.storyboard */ = {
			isa = PBXVariantGroup;
			children = (
				C27ACEFA1DC73C1400B2B0A3 /* Base */,
			);
			name = Main.storyboard;
			sourceTree = "<group>";
		};
		C27ACEFE1DC73C1400B2B0A3 /* LaunchScreen.storyboard */ = {
			isa = PBXVariantGroup;
			children = (
				C27ACEFF1DC73C1400B2B0A3 /* Base */,
			);
			name = LaunchScreen.storyboard;
			sourceTree = "<group>";
		};
/* End PBXVariantGroup section */

/* Begin XCBuildConfiguration section */
		C27ACF021DC73C1400B2B0A3 /* Debug */ = {
			isa = XCBuildConfiguration;
			buildSettings = {
				ALWAYS_SEARCH_USER_PATHS = NO;
				CLANG_ANALYZER_NONNULL = YES;
				CLANG_CXX_LANGUAGE_STANDARD = "gnu++0x";
				CLANG_CXX_LIBRARY = "libc++";
				CLANG_ENABLE_MODULES = YES;
				CLANG_ENABLE_OBJC_ARC = YES;
				CLANG_WARN_BOOL_CONVERSION = YES;
				CLANG_WARN_CONSTANT_CONVERSION = YES;
				CLANG_WARN_DIRECT_OBJC_ISA_USAGE = YES_ERROR;
				CLANG_WARN_DOCUMENTATION_COMMENTS = YES;
				CLANG_WARN_EMPTY_BODY = YES;
				CLANG_WARN_ENUM_CONVERSION = YES;
				CLANG_WARN_INFINITE_RECURSION = YES;
				CLANG_WARN_INT_CONVERSION = YES;
				CLANG_WARN_OBJC_ROOT_CLASS = YES_ERROR;
				CLANG_WARN_SUSPICIOUS_MOVES = YES;
				CLANG_WARN_UNREACHABLE_CODE = YES;
				CLANG_WARN__DUPLICATE_METHOD_MATCH = YES;
				"CODE_SIGN_IDENTITY[sdk=iphoneos*]" = "iPhone Developer";
				COPY_PHASE_STRIP = NO;
				DEBUG_INFORMATION_FORMAT = dwarf;
				ENABLE_STRICT_OBJC_MSGSEND = YES;
				ENABLE_TESTABILITY = YES;
				GCC_C_LANGUAGE_STANDARD = gnu99;
				GCC_DYNAMIC_NO_PIC = NO;
				GCC_NO_COMMON_BLOCKS = YES;
				GCC_OPTIMIZATION_LEVEL = 0;
				GCC_PREPROCESSOR_DEFINITIONS = (
					"DEBUG=1",
					"$(inherited)",
				);
				GCC_WARN_64_TO_32_BIT_CONVERSION = YES;
				GCC_WARN_ABOUT_RETURN_TYPE = YES_ERROR;
				GCC_WARN_UNDECLARED_SELECTOR = YES;
				GCC_WARN_UNINITIALIZED_AUTOS = YES_AGGRESSIVE;
				GCC_WARN_UNUSED_FUNCTION = YES;
				GCC_WARN_UNUSED_VARIABLE = YES;
				IPHONEOS_DEPLOYMENT_TARGET = 10.1;
				MTL_ENABLE_DEBUG_INFO = YES;
				ONLY_ACTIVE_ARCH = YES;
				SDKROOT = iphoneos;
			};
			name = Debug;
		};
		C27ACF031DC73C1400B2B0A3 /* Release */ = {
			isa = XCBuildConfiguration;
			buildSettings = {
				ALWAYS_SEARCH_USER_PATHS = NO;
				CLANG_ANALYZER_NONNULL = YES;
				CLANG_CXX_LANGUAGE_STANDARD = "gnu++0x";
				CLANG_CXX_LIBRARY = "libc++";
				CLANG_ENABLE_MODULES = YES;
				CLANG_ENABLE_OBJC_ARC = YES;
				CLANG_WARN_BOOL_CONVERSION = YES;
				CLANG_WARN_CONSTANT_CONVERSION = YES;
				CLANG_WARN_DIRECT_OBJC_ISA_USAGE = YES_ERROR;
				CLANG_WARN_DOCUMENTATION_COMMENTS = YES;
				CLANG_WARN_EMPTY_BODY = YES;
				CLANG_WARN_ENUM_CONVERSION = YES;
				CLANG_WARN_INFINITE_RECURSION = YES;
				CLANG_WARN_INT_CONVERSION = YES;
				CLANG_WARN_OBJC_ROOT_CLASS = YES_ERROR;
				CLANG_WARN_SUSPICIOUS_MOVES = YES;
				CLANG_WARN_UNREACHABLE_CODE = YES;
				CLANG_WARN__DUPLICATE_METHOD_MATCH = YES;
				"CODE_SIGN_IDENTITY[sdk=iphoneos*]" = "iPhone Developer";
				COPY_PHASE_STRIP = NO;
				DEBUG_INFORMATION_FORMAT = "dwarf-with-dsym";
				ENABLE_NS_ASSERTIONS = NO;
				ENABLE_STRICT_OBJC_MSGSEND = YES;
				GCC_C_LANGUAGE_STANDARD = gnu99;
				GCC_NO_COMMON_BLOCKS = YES;
				GCC_WARN_64_TO_32_BIT_CONVERSION = YES;
				GCC_WARN_ABOUT_RETURN_TYPE = YES_ERROR;
				GCC_WARN_UNDECLARED_SELECTOR = YES;
				GCC_WARN_UNINITIALIZED_AUTOS = YES_AGGRESSIVE;
				GCC_WARN_UNUSED_FUNCTION = YES;
				GCC_WARN_UNUSED_VARIABLE = YES;
				IPHONEOS_DEPLOYMENT_TARGET = 10.1;
				MTL_ENABLE_DEBUG_INFO = NO;
				SDKROOT = iphoneos;
				VALIDATE_PRODUCT = YES;
			};
			name = Release;
		};
		C27ACF051DC73C1400B2B0A3 /* Debug */ = {
			isa = XCBuildConfiguration;
			buildSettings = {
				ASSETCATALOG_COMPILER_APPICON_NAME = AppIcon;
				DEVELOPMENT_TEAM = HCPQ4JRW53;
				INFOPLIST_FILE = DazzleLight/Info.plist;
				LD_RUNPATH_SEARCH_PATHS = "$(inherited) @executable_path/Frameworks";
				PRODUCT_BUNDLE_IDENTIFIER = ccq.sundusk.ios.DazzleLight;
				PRODUCT_NAME = "$(TARGET_NAME)";
			};
			name = Debug;
		};
		C27ACF061DC73C1400B2B0A3 /* Release */ = {
			isa = XCBuildConfiguration;
			buildSettings = {
				ASSETCATALOG_COMPILER_APPICON_NAME = AppIcon;
				DEVELOPMENT_TEAM = HCPQ4JRW53;
				INFOPLIST_FILE = DazzleLight/Info.plist;
				LD_RUNPATH_SEARCH_PATHS = "$(inherited) @executable_path/Frameworks";
				PRODUCT_BUNDLE_IDENTIFIER = ccq.sundusk.ios.DazzleLight;
				PRODUCT_NAME = "$(TARGET_NAME)";
			};
			name = Release;
		};
/* End XCBuildConfiguration section */

/* Begin XCConfigurationList section */
		C27ACEE81DC73C1400B2B0A3 /* Build configuration list for PBXProject "DazzleLight" */ = {
			isa = XCConfigurationList;
			buildConfigurations = (
				C27ACF021DC73C1400B2B0A3 /* Debug */,
				C27ACF031DC73C1400B2B0A3 /* Release */,
			);
			defaultConfigurationIsVisible = 0;
			defaultConfigurationName = Release;
		};
		C27ACF041DC73C1400B2B0A3 /* Build configuration list for PBXNativeTarget "DazzleLight" */ = {
			isa = XCConfigurationList;
			buildConfigurations = (
				C27ACF051DC73C1400B2B0A3 /* Debug */,
				C27ACF061DC73C1400B2B0A3 /* Release */,
			);
			defaultConfigurationIsVisible = 0;
			defaultConfigurationName = Release;
		};
/* End XCConfigurationList section */
	};
	rootObject = C27ACEE51DC73C1400B2B0A3 /* Project object */;
}
