// !$*UTF8*$!
{
	archiveVersion = 1;
	classes = {
	};
	objectVersion = 46;
	objects = {

/* Begin PBXBuildFile section */
		C202E5CA1E3075DF00EAEAE5 /* CCQMainTableViewController.m in Sources */ = {isa = PBXBuildFile; fileRef = C202E5C91E3075DF00EAEAE5 /* CCQMainTableViewController.m */; };
		C22EA50C1E31C3E400ADBC32 /* HCSortString.m in Sources */ = {isa = PBXBuildFile; fileRef = C22EA4F71E31C3E400ADBC32 /* HCSortString.m */; };
		C22EA50D1E31C3E400ADBC32 /* UIAlertController+HCAdd.m in Sources */ = {isa = PBXBuildFile; fileRef = C22EA4F91E31C3E400ADBC32 /* UIAlertController+HCAdd.m */; };
		C22EA50E1E31C3E400ADBC32 /* ChineseInclude.m in Sources */ = {isa = PBXBuildFile; fileRef = C22EA4FC1E31C3E400ADBC32 /* ChineseInclude.m */; };
		C22EA50F1E31C3E400ADBC32 /* ChineseToPinyinResource.m in Sources */ = {isa = PBXBuildFile; fileRef = C22EA4FE1E31C3E400ADBC32 /* ChineseToPinyinResource.m */; };
		C22EA5101E31C3E400ADBC32 /* HanyuPinyinOutputFormat.m in Sources */ = {isa = PBXBuildFile; fileRef = C22EA5001E31C3E400ADBC32 /* HanyuPinyinOutputFormat.m */; };
		C22EA5111E31C3E400ADBC32 /* NSString+PinYin4Cocoa.m in Sources */ = {isa = PBXBuildFile; fileRef = C22EA5021E31C3E400ADBC32 /* NSString+PinYin4Cocoa.m */; };
		C22EA5121E31C3E400ADBC32 /* PinyinFormatter.m in Sources */ = {isa = PBXBuildFile; fileRef = C22EA5041E31C3E400ADBC32 /* PinyinFormatter.m */; };
		C22EA5131E31C3E400ADBC32 /* PinYinForObjc.m in Sources */ = {isa = PBXBuildFile; fileRef = C22EA5061E31C3E400ADBC32 /* PinYinForObjc.m */; };
		C22EA5141E31C3E400ADBC32 /* PinyinHelper.m in Sources */ = {isa = PBXBuildFile; fileRef = C22EA5081E31C3E400ADBC32 /* PinyinHelper.m */; };
		C22EA5151E31C3E400ADBC32 /* unicode_to_hanyu_pinyin.txt in Resources */ = {isa = PBXBuildFile; fileRef = C22EA5091E31C3E400ADBC32 /* unicode_to_hanyu_pinyin.txt */; };
		C22EA5161E31C3E400ADBC32 /* ZYPinYinSearch.m in Sources */ = {isa = PBXBuildFile; fileRef = C22EA50B1E31C3E400ADBC32 /* ZYPinYinSearch.m */; };
		C22EA5301E3311A200ADBC32 /* NSBundle+HMObjcSugar.m in Sources */ = {isa = PBXBuildFile; fileRef = C22EA51B1E3311A200ADBC32 /* NSBundle+HMObjcSugar.m */; };
		C22EA5311E3311A200ADBC32 /* NSDate+HMObjcSugar.m in Sources */ = {isa = PBXBuildFile; fileRef = C22EA51D1E3311A200ADBC32 /* NSDate+HMObjcSugar.m */; };
		C22EA5321E3311A200ADBC32 /* NSString+HMObjcSugar.m in Sources */ = {isa = PBXBuildFile; fileRef = C22EA51F1E3311A200ADBC32 /* NSString+HMObjcSugar.m */; };
		C22EA5331E3311A200ADBC32 /* UIButton+HMObjcSugar.m in Sources */ = {isa = PBXBuildFile; fileRef = C22EA5211E3311A200ADBC32 /* UIButton+HMObjcSugar.m */; };
		C22EA5341E3311A200ADBC32 /* UIColor+HMObjcSugar.m in Sources */ = {isa = PBXBuildFile; fileRef = C22EA5231E3311A200ADBC32 /* UIColor+HMObjcSugar.m */; };
		C22EA5351E3311A200ADBC32 /* UIImage+HMObjcSugar.m in Sources */ = {isa = PBXBuildFile; fileRef = C22EA5251E3311A200ADBC32 /* UIImage+HMObjcSugar.m */; };
		C22EA5361E3311A200ADBC32 /* UILabel+HMObjcSugar.m in Sources */ = {isa = PBXBuildFile; fileRef = C22EA5271E3311A200ADBC32 /* UILabel+HMObjcSugar.m */; };
		C22EA5371E3311A200ADBC32 /* UINavigationController+HMObjcSugar.m in Sources */ = {isa = PBXBuildFile; fileRef = C22EA5291E3311A200ADBC32 /* UINavigationController+HMObjcSugar.m */; };
		C22EA5381E3311A200ADBC32 /* UIScreen+HMObjcSugar.m in Sources */ = {isa = PBXBuildFile; fileRef = C22EA52B1E3311A200ADBC32 /* UIScreen+HMObjcSugar.m */; };
		C22EA5391E3311A200ADBC32 /* UITextField+HMObjcSugar.m in Sources */ = {isa = PBXBuildFile; fileRef = C22EA52D1E3311A200ADBC32 /* UITextField+HMObjcSugar.m */; };
		C22EA53A1E3311A200ADBC32 /* UIView+HMObjcSugar.m in Sources */ = {isa = PBXBuildFile; fileRef = C22EA52F1E3311A200ADBC32 /* UIView+HMObjcSugar.m */; };
		C27ACEF21DC73C1400B2B0A3 /* main.m in Sources */ = {isa = PBXBuildFile; fileRef = C27ACEF11DC73C1400B2B0A3 /* main.m */; };
		C27ACEF51DC73C1400B2B0A3 /* AppDelegate.m in Sources */ = {isa = PBXBuildFile; fileRef = C27ACEF41DC73C1400B2B0A3 /* AppDelegate.m */; };
		C27ACEF81DC73C1400B2B0A3 /* ViewController.m in Sources */ = {isa = PBXBuildFile; fileRef = C27ACEF71DC73C1400B2B0A3 /* ViewController.m */; };
		C27ACEFB1DC73C1400B2B0A3 /* Main.storyboard in Resources */ = {isa = PBXBuildFile; fileRef = C27ACEF91DC73C1400B2B0A3 /* Main.storyboard */; };
		C27ACEFD1DC73C1400B2B0A3 /* Assets.xcassets in Resources */ = {isa = PBXBuildFile; fileRef = C27ACEFC1DC73C1400B2B0A3 /* Assets.xcassets */; };
		C27ACF001DC73C1400B2B0A3 /* LaunchScreen.storyboard in Resources */ = {isa = PBXBuildFile; fileRef = C27ACEFE1DC73C1400B2B0A3 /* LaunchScreen.storyboard */; };
		C2DA80EF1E2F800E00A288BD /* CCQUserFeedBackViewController.m in Sources */ = {isa = PBXBuildFile; fileRef = C2DA80EE1E2F800E00A288BD /* CCQUserFeedBackViewController.m */; };
		C2DA80F21E2F803A00A288BD /* CCQPlaceholderTextView.m in Sources */ = {isa = PBXBuildFile; fileRef = C2DA80F11E2F803A00A288BD /* CCQPlaceholderTextView.m */; };
		C2DA80F51E2F805500A288BD /* CCQPhotoCollectionViewCell.m in Sources */ = {isa = PBXBuildFile; fileRef = C2DA80F41E2F805500A288BD /* CCQPhotoCollectionViewCell.m */; };
		D0366B4C6578A4D532C6757F /* libPods-DazzleLight.a in Frameworks */ = {isa = PBXBuildFile; fileRef = F6968BA94A540ADC4F71AF8F /* libPods-DazzleLight.a */; };
/* End PBXBuildFile section */

/* Begin PBXFileReference section */
		C202E5C81E3075DF00EAEAE5 /* CCQMainTableViewController.h */ = {isa = PBXFileReference; fileEncoding = 4; lastKnownFileType = sourcecode.c.h; path = CCQMainTableViewController.h; sourceTree = "<group>"; };
		C202E5C91E3075DF00EAEAE5 /* CCQMainTableViewController.m */ = {isa = PBXFileReference; fileEncoding = 4; lastKnownFileType = sourcecode.c.objc; path = CCQMainTableViewController.m; sourceTree = "<group>"; };
		C22EA4F61E31C3E400ADBC32 /* HCSortString.h */ = {isa = PBXFileReference; fileEncoding = 4; lastKnownFileType = sourcecode.c.h; path = HCSortString.h; sourceTree = "<group>"; };
		C22EA4F71E31C3E400ADBC32 /* HCSortString.m */ = {isa = PBXFileReference; fileEncoding = 4; lastKnownFileType = sourcecode.c.objc; path = HCSortString.m; sourceTree = "<group>"; };
		C22EA4F81E31C3E400ADBC32 /* UIAlertController+HCAdd.h */ = {isa = PBXFileReference; fileEncoding = 4; lastKnownFileType = sourcecode.c.h; path = "UIAlertController+HCAdd.h"; sourceTree = "<group>"; };
		C22EA4F91E31C3E400ADBC32 /* UIAlertController+HCAdd.m */ = {isa = PBXFileReference; fileEncoding = 4; lastKnownFileType = sourcecode.c.objc; path = "UIAlertController+HCAdd.m"; sourceTree = "<group>"; };
		C22EA4FB1E31C3E400ADBC32 /* ChineseInclude.h */ = {isa = PBXFileReference; fileEncoding = 4; lastKnownFileType = sourcecode.c.h; path = ChineseInclude.h; sourceTree = "<group>"; };
		C22EA4FC1E31C3E400ADBC32 /* ChineseInclude.m */ = {isa = PBXFileReference; fileEncoding = 4; lastKnownFileType = sourcecode.c.objc; path = ChineseInclude.m; sourceTree = "<group>"; };
		C22EA4FD1E31C3E400ADBC32 /* ChineseToPinyinResource.h */ = {isa = PBXFileReference; fileEncoding = 4; lastKnownFileType = sourcecode.c.h; path = ChineseToPinyinResource.h; sourceTree = "<group>"; };
		C22EA4FE1E31C3E400ADBC32 /* ChineseToPinyinResource.m */ = {isa = PBXFileReference; fileEncoding = 4; lastKnownFileType = sourcecode.c.objc; path = ChineseToPinyinResource.m; sourceTree = "<group>"; };
		C22EA4FF1E31C3E400ADBC32 /* HanyuPinyinOutputFormat.h */ = {isa = PBXFileReference; fileEncoding = 4; lastKnownFileType = sourcecode.c.h; path = HanyuPinyinOutputFormat.h; sourceTree = "<group>"; };
		C22EA5001E31C3E400ADBC32 /* HanyuPinyinOutputFormat.m */ = {isa = PBXFileReference; fileEncoding = 4; lastKnownFileType = sourcecode.c.objc; path = HanyuPinyinOutputFormat.m; sourceTree = "<group>"; };
		C22EA5011E31C3E400ADBC32 /* NSString+PinYin4Cocoa.h */ = {isa = PBXFileReference; fileEncoding = 4; lastKnownFileType = sourcecode.c.h; path = "NSString+PinYin4Cocoa.h"; sourceTree = "<group>"; };
		C22EA5021E31C3E400ADBC32 /* NSString+PinYin4Cocoa.m */ = {isa = PBXFileReference; fileEncoding = 4; lastKnownFileType = sourcecode.c.objc; path = "NSString+PinYin4Cocoa.m"; sourceTree = "<group>"; };
		C22EA5031E31C3E400ADBC32 /* PinyinFormatter.h */ = {isa = PBXFileReference; fileEncoding = 4; lastKnownFileType = sourcecode.c.h; path = PinyinFormatter.h; sourceTree = "<group>"; };
		C22EA5041E31C3E400ADBC32 /* PinyinFormatter.m */ = {isa = PBXFileReference; fileEncoding = 4; lastKnownFileType = sourcecode.c.objc; path = PinyinFormatter.m; sourceTree = "<group>"; };
		C22EA5051E31C3E400ADBC32 /* PinYinForObjc.h */ = {isa = PBXFileReference; fileEncoding = 4; lastKnownFileType = sourcecode.c.h; path = PinYinForObjc.h; sourceTree = "<group>"; };
		C22EA5061E31C3E400ADBC32 /* PinYinForObjc.m */ = {isa = PBXFileReference; fileEncoding = 4; lastKnownFileType = sourcecode.c.objc; path = PinYinForObjc.m; sourceTree = "<group>"; };
		C22EA5071E31C3E400ADBC32 /* PinyinHelper.h */ = {isa = PBXFileReference; fileEncoding = 4; lastKnownFileType = sourcecode.c.h; path = PinyinHelper.h; sourceTree = "<group>"; };
		C22EA5081E31C3E400ADBC32 /* PinyinHelper.m */ = {isa = PBXFileReference; fileEncoding = 4; lastKnownFileType = sourcecode.c.objc; path = PinyinHelper.m; sourceTree = "<group>"; };
		C22EA5091E31C3E400ADBC32 /* unicode_to_hanyu_pinyin.txt */ = {isa = PBXFileReference; fileEncoding = 4; lastKnownFileType = text; path = unicode_to_hanyu_pinyin.txt; sourceTree = "<group>"; };
		C22EA50A1E31C3E400ADBC32 /* ZYPinYinSearch.h */ = {isa = PBXFileReference; fileEncoding = 4; lastKnownFileType = sourcecode.c.h; path = ZYPinYinSearch.h; sourceTree = "<group>"; };
		C22EA50B1E31C3E400ADBC32 /* ZYPinYinSearch.m */ = {isa = PBXFileReference; fileEncoding = 4; lastKnownFileType = sourcecode.c.objc; path = ZYPinYinSearch.m; sourceTree = "<group>"; };
		C22EA5191E3311A200ADBC32 /* HMObjcSugar.h */ = {isa = PBXFileReference; fileEncoding = 4; lastKnownFileType = sourcecode.c.h; path = HMObjcSugar.h; sourceTree = "<group>"; };
		C22EA51A1E3311A200ADBC32 /* NSBundle+HMObjcSugar.h */ = {isa = PBXFileReference; fileEncoding = 4; lastKnownFileType = sourcecode.c.h; path = "NSBundle+HMObjcSugar.h"; sourceTree = "<group>"; };
		C22EA51B1E3311A200ADBC32 /* NSBundle+HMObjcSugar.m */ = {isa = PBXFileReference; fileEncoding = 4; lastKnownFileType = sourcecode.c.objc; path = "NSBundle+HMObjcSugar.m"; sourceTree = "<group>"; };
		C22EA51C1E3311A200ADBC32 /* NSDate+HMObjcSugar.h */ = {isa = PBXFileReference; fileEncoding = 4; lastKnownFileType = sourcecode.c.h; path = "NSDate+HMObjcSugar.h"; sourceTree = "<group>"; };
		C22EA51D1E3311A200ADBC32 /* NSDate+HMObjcSugar.m */ = {isa = PBXFileReference; fileEncoding = 4; lastKnownFileType = sourcecode.c.objc; path = "NSDate+HMObjcSugar.m"; sourceTree = "<group>"; };
		C22EA51E1E3311A200ADBC32 /* NSString+HMObjcSugar.h */ = {isa = PBXFileReference; fileEncoding = 4; lastKnownFileType = sourcecode.c.h; path = "NSString+HMObjcSugar.h"; sourceTree = "<group>"; };
		C22EA51F1E3311A200ADBC32 /* NSString+HMObjcSugar.m */ = {isa = PBXFileReference; fileEncoding = 4; lastKnownFileType = sourcecode.c.objc; path = "NSString+HMObjcSugar.m"; sourceTree = "<group>"; };
		C22EA5201E3311A200ADBC32 /* UIButton+HMObjcSugar.h */ = {isa = PBXFileReference; fileEncoding = 4; lastKnownFileType = sourcecode.c.h; path = "UIButton+HMObjcSugar.h"; sourceTree = "<group>"; };
		C22EA5211E3311A200ADBC32 /* UIButton+HMObjcSugar.m */ = {isa = PBXFileReference; fileEncoding = 4; lastKnownFileType = sourcecode.c.objc; path = "UIButton+HMObjcSugar.m"; sourceTree = "<group>"; };
		C22EA5221E3311A200ADBC32 /* UIColor+HMObjcSugar.h */ = {isa = PBXFileReference; fileEncoding = 4; lastKnownFileType = sourcecode.c.h; path = "UIColor+HMObjcSugar.h"; sourceTree = "<group>"; };
		C22EA5231E3311A200ADBC32 /* UIColor+HMObjcSugar.m */ = {isa = PBXFileReference; fileEncoding = 4; lastKnownFileType = sourcecode.c.objc; path = "UIColor+HMObjcSugar.m"; sourceTree = "<group>"; };
		C22EA5241E3311A200ADBC32 /* UIImage+HMObjcSugar.h */ = {isa = PBXFileReference; fileEncoding = 4; lastKnownFileType = sourcecode.c.h; path = "UIImage+HMObjcSugar.h"; sourceTree = "<group>"; };
		C22EA5251E3311A200ADBC32 /* UIImage+HMObjcSugar.m */ = {isa = PBXFileReference; fileEncoding = 4; lastKnownFileType = sourcecode.c.objc; path = "UIImage+HMObjcSugar.m"; sourceTree = "<group>"; };
		C22EA5261E3311A200ADBC32 /* UILabel+HMObjcSugar.h */ = {isa = PBXFileReference; fileEncoding = 4; lastKnownFileType = sourcecode.c.h; path = "UILabel+HMObjcSugar.h"; sourceTree = "<group>"; };
		C22EA5271E3311A200ADBC32 /* UILabel+HMObjcSugar.m */ = {isa = PBXFileReference; fileEncoding = 4; lastKnownFileType = sourcecode.c.objc; path = "UILabel+HMObjcSugar.m"; sourceTree = "<group>"; };
		C22EA5281E3311A200ADBC32 /* UINavigationController+HMObjcSugar.h */ = {isa = PBXFileReference; fileEncoding = 4; lastKnownFileType = sourcecode.c.h; path = "UINavigationController+HMObjcSugar.h"; sourceTree = "<group>"; };
		C22EA5291E3311A200ADBC32 /* UINavigationController+HMObjcSugar.m */ = {isa = PBXFileReference; fileEncoding = 4; lastKnownFileType = sourcecode.c.objc; path = "UINavigationController+HMObjcSugar.m"; sourceTree = "<group>"; };
		C22EA52A1E3311A200ADBC32 /* UIScreen+HMObjcSugar.h */ = {isa = PBXFileReference; fileEncoding = 4; lastKnownFileType = sourcecode.c.h; path = "UIScreen+HMObjcSugar.h"; sourceTree = "<group>"; };
		C22EA52B1E3311A200ADBC32 /* UIScreen+HMObjcSugar.m */ = {isa = PBXFileReference; fileEncoding = 4; lastKnownFileType = sourcecode.c.objc; path = "UIScreen+HMObjcSugar.m"; sourceTree = "<group>"; };
		C22EA52C1E3311A200ADBC32 /* UITextField+HMObjcSugar.h */ = {isa = PBXFileReference; fileEncoding = 4; lastKnownFileType = sourcecode.c.h; path = "UITextField+HMObjcSugar.h"; sourceTree = "<group>"; };
		C22EA52D1E3311A200ADBC32 /* UITextField+HMObjcSugar.m */ = {isa = PBXFileReference; fileEncoding = 4; lastKnownFileType = sourcecode.c.objc; path = "UITextField+HMObjcSugar.m"; sourceTree = "<group>"; };
		C22EA52E1E3311A200ADBC32 /* UIView+HMObjcSugar.h */ = {isa = PBXFileReference; fileEncoding = 4; lastKnownFileType = sourcecode.c.h; path = "UIView+HMObjcSugar.h"; sourceTree = "<group>"; };
		C22EA52F1E3311A200ADBC32 /* UIView+HMObjcSugar.m */ = {isa = PBXFileReference; fileEncoding = 4; lastKnownFileType = sourcecode.c.objc; path = "UIView+HMObjcSugar.m"; sourceTree = "<group>"; };
		C27ACEED1DC73C1400B2B0A3 /* DazzleLight.app */ = {isa = PBXFileReference; explicitFileType = wrapper.application; includeInIndex = 0; path = DazzleLight.app; sourceTree = BUILT_PRODUCTS_DIR; };
		C27ACEF11DC73C1400B2B0A3 /* main.m */ = {isa = PBXFileReference; lastKnownFileType = sourcecode.c.objc; path = main.m; sourceTree = "<group>"; };
		C27ACEF31DC73C1400B2B0A3 /* AppDelegate.h */ = {isa = PBXFileReference; lastKnownFileType = sourcecode.c.h; path = AppDelegate.h; sourceTree = "<group>"; };
		C27ACEF41DC73C1400B2B0A3 /* AppDelegate.m */ = {isa = PBXFileReference; lastKnownFileType = sourcecode.c.objc; path = AppDelegate.m; sourceTree = "<group>"; };
		C27ACEF61DC73C1400B2B0A3 /* ViewController.h */ = {isa = PBXFileReference; lastKnownFileType = sourcecode.c.h; path = ViewController.h; sourceTree = "<group>"; };
		C27ACEF71DC73C1400B2B0A3 /* ViewController.m */ = {isa = PBXFileReference; lastKnownFileType = sourcecode.c.objc; path = ViewController.m; sourceTree = "<group>"; };
		C27ACEFA1DC73C1400B2B0A3 /* Base */ = {isa = PBXFileReference; lastKnownFileType = file.storyboard; name = Base; path = Base.lproj/Main.storyboard; sourceTree = "<group>"; };
		C27ACEFC1DC73C1400B2B0A3 /* Assets.xcassets */ = {isa = PBXFileReference; lastKnownFileType = folder.assetcatalog; path = Assets.xcassets; sourceTree = "<group>"; };
		C27ACEFF1DC73C1400B2B0A3 /* Base */ = {isa = PBXFileReference; lastKnownFileType = file.storyboard; name = Base; path = Base.lproj/LaunchScreen.storyboard; sourceTree = "<group>"; };
		C27ACF011DC73C1400B2B0A3 /* Info.plist */ = {isa = PBXFileReference; lastKnownFileType = text.plist.xml; path = Info.plist; sourceTree = "<group>"; };
		C2DA80ED1E2F800E00A288BD /* CCQUserFeedBackViewController.h */ = {isa = PBXFileReference; fileEncoding = 4; lastKnownFileType = sourcecode.c.h; path = CCQUserFeedBackViewController.h; sourceTree = "<group>"; };
		C2DA80EE1E2F800E00A288BD /* CCQUserFeedBackViewController.m */ = {isa = PBXFileReference; fileEncoding = 4; lastKnownFileType = sourcecode.c.objc; path = CCQUserFeedBackViewController.m; sourceTree = "<group>"; };
		C2DA80F01E2F803A00A288BD /* CCQPlaceholderTextView.h */ = {isa = PBXFileReference; fileEncoding = 4; lastKnownFileType = sourcecode.c.h; path = CCQPlaceholderTextView.h; sourceTree = "<group>"; };
		C2DA80F11E2F803A00A288BD /* CCQPlaceholderTextView.m */ = {isa = PBXFileReference; fileEncoding = 4; lastKnownFileType = sourcecode.c.objc; path = CCQPlaceholderTextView.m; sourceTree = "<group>"; };
		C2DA80F31E2F805500A288BD /* CCQPhotoCollectionViewCell.h */ = {isa = PBXFileReference; fileEncoding = 4; lastKnownFileType = sourcecode.c.h; path = CCQPhotoCollectionViewCell.h; sourceTree = "<group>"; };
		C2DA80F41E2F805500A288BD /* CCQPhotoCollectionViewCell.m */ = {isa = PBXFileReference; fileEncoding = 4; lastKnownFileType = sourcecode.c.objc; path = CCQPhotoCollectionViewCell.m; sourceTree = "<group>"; };
		E746212F1337C06B82C8F2B2 /* Pods-DazzleLight.debug.xcconfig */ = {isa = PBXFileReference; includeInIndex = 1; lastKnownFileType = text.xcconfig; name = "Pods-DazzleLight.debug.xcconfig"; path = "Pods/Target Support Files/Pods-DazzleLight/Pods-DazzleLight.debug.xcconfig"; sourceTree = "<group>"; };
		F6968BA94A540ADC4F71AF8F /* libPods-DazzleLight.a */ = {isa = PBXFileReference; explicitFileType = archive.ar; includeInIndex = 0; path = "libPods-DazzleLight.a"; sourceTree = BUILT_PRODUCTS_DIR; };
		FAF9826E3601A974C9326A51 /* Pods-DazzleLight.release.xcconfig */ = {isa = PBXFileReference; includeInIndex = 1; lastKnownFileType = text.xcconfig; name = "Pods-DazzleLight.release.xcconfig"; path = "Pods/Target Support Files/Pods-DazzleLight/Pods-DazzleLight.release.xcconfig"; sourceTree = "<group>"; };
/* End PBXFileReference section */

/* Begin PBXFrameworksBuildPhase section */
		C27ACEEA1DC73C1400B2B0A3 /* Frameworks */ = {
			isa = PBXFrameworksBuildPhase;
			buildActionMask = 2147483647;
			files = (
				D0366B4C6578A4D532C6757F /* libPods-DazzleLight.a in Frameworks */,
			);
			runOnlyForDeploymentPostprocessing = 0;
		};
/* End PBXFrameworksBuildPhase section */

/* Begin PBXGroup section */
		4BF67CA08342B463A07DBFD1 /* Frameworks */ = {
			isa = PBXGroup;
			children = (
				F6968BA94A540ADC4F71AF8F /* libPods-DazzleLight.a */,
			);
			name = Frameworks;
			sourceTree = "<group>";
		};
		B09B60E6BB4D63ACB09B5BE5 /* Pods */ = {
			isa = PBXGroup;
			children = (
				E746212F1337C06B82C8F2B2 /* Pods-DazzleLight.debug.xcconfig */,
				FAF9826E3601A974C9326A51 /* Pods-DazzleLight.release.xcconfig */,
			);
			name = Pods;
			sourceTree = "<group>";
		};
		C22EA4F41E31C3E400ADBC32 /* HCSortAndSearch */ = {
			isa = PBXGroup;
			children = (
				C22EA4F51E31C3E400ADBC32 /* HCSortString */,
				C22EA4FA1E31C3E400ADBC32 /* PinYinSearchLib */,
			);
			path = HCSortAndSearch;
			sourceTree = "<group>";
		};
		C22EA4F51E31C3E400ADBC32 /* HCSortString */ = {
			isa = PBXGroup;
			children = (
				C22EA4F61E31C3E400ADBC32 /* HCSortString.h */,
				C22EA4F71E31C3E400ADBC32 /* HCSortString.m */,
				C22EA4F81E31C3E400ADBC32 /* UIAlertController+HCAdd.h */,
				C22EA4F91E31C3E400ADBC32 /* UIAlertController+HCAdd.m */,
			);
			path = HCSortString;
			sourceTree = "<group>";
		};
		C22EA4FA1E31C3E400ADBC32 /* PinYinSearchLib */ = {
			isa = PBXGroup;
			children = (
				C22EA4FB1E31C3E400ADBC32 /* ChineseInclude.h */,
				C22EA4FC1E31C3E400ADBC32 /* ChineseInclude.m */,
				C22EA4FD1E31C3E400ADBC32 /* ChineseToPinyinResource.h */,
				C22EA4FE1E31C3E400ADBC32 /* ChineseToPinyinResource.m */,
				C22EA4FF1E31C3E400ADBC32 /* HanyuPinyinOutputFormat.h */,
				C22EA5001E31C3E400ADBC32 /* HanyuPinyinOutputFormat.m */,
				C22EA5011E31C3E400ADBC32 /* NSString+PinYin4Cocoa.h */,
				C22EA5021E31C3E400ADBC32 /* NSString+PinYin4Cocoa.m */,
				C22EA5031E31C3E400ADBC32 /* PinyinFormatter.h */,
				C22EA5041E31C3E400ADBC32 /* PinyinFormatter.m */,
				C22EA5051E31C3E400ADBC32 /* PinYinForObjc.h */,
				C22EA5061E31C3E400ADBC32 /* PinYinForObjc.m */,
				C22EA5071E31C3E400ADBC32 /* PinyinHelper.h */,
				C22EA5081E31C3E400ADBC32 /* PinyinHelper.m */,
				C22EA5091E31C3E400ADBC32 /* unicode_to_hanyu_pinyin.txt */,
				C22EA50A1E31C3E400ADBC32 /* ZYPinYinSearch.h */,
				C22EA50B1E31C3E400ADBC32 /* ZYPinYinSearch.m */,
			);
			path = PinYinSearchLib;
			sourceTree = "<group>";
		};
		C22EA5181E3311A200ADBC32 /* ObjcSugar */ = {
			isa = PBXGroup;
			children = (
				C22EA5191E3311A200ADBC32 /* HMObjcSugar.h */,
				C22EA51A1E3311A200ADBC32 /* NSBundle+HMObjcSugar.h */,
				C22EA51B1E3311A200ADBC32 /* NSBundle+HMObjcSugar.m */,
				C22EA51C1E3311A200ADBC32 /* NSDate+HMObjcSugar.h */,
				C22EA51D1E3311A200ADBC32 /* NSDate+HMObjcSugar.m */,
				C22EA51E1E3311A200ADBC32 /* NSString+HMObjcSugar.h */,
				C22EA51F1E3311A200ADBC32 /* NSString+HMObjcSugar.m */,
				C22EA5201E3311A200ADBC32 /* UIButton+HMObjcSugar.h */,
				C22EA5211E3311A200ADBC32 /* UIButton+HMObjcSugar.m */,
				C22EA5221E3311A200ADBC32 /* UIColor+HMObjcSugar.h */,
				C22EA5231E3311A200ADBC32 /* UIColor+HMObjcSugar.m */,
				C22EA5241E3311A200ADBC32 /* UIImage+HMObjcSugar.h */,
				C22EA5251E3311A200ADBC32 /* UIImage+HMObjcSugar.m */,
				C22EA5261E3311A200ADBC32 /* UILabel+HMObjcSugar.h */,
				C22EA5271E3311A200ADBC32 /* UILabel+HMObjcSugar.m */,
				C22EA5281E3311A200ADBC32 /* UINavigationController+HMObjcSugar.h */,
				C22EA5291E3311A200ADBC32 /* UINavigationController+HMObjcSugar.m */,
				C22EA52A1E3311A200ADBC32 /* UIScreen+HMObjcSugar.h */,
				C22EA52B1E3311A200ADBC32 /* UIScreen+HMObjcSugar.m */,
				C22EA52C1E3311A200ADBC32 /* UITextField+HMObjcSugar.h */,
				C22EA52D1E3311A200ADBC32 /* UITextField+HMObjcSugar.m */,
				C22EA52E1E3311A200ADBC32 /* UIView+HMObjcSugar.h */,
				C22EA52F1E3311A200ADBC32 /* UIView+HMObjcSugar.m */,
			);
			path = ObjcSugar;
			sourceTree = "<group>";
		};
		C25D513F1E2F5FD000C735A1 /* Alipay */ = {
			isa = PBXGroup;
			children = (
			);
			path = Alipay;
			sourceTree = "<group>";
		};
		C27ACEE41DC73C1400B2B0A3 = {
			isa = PBXGroup;
			children = (
				C27ACEEF1DC73C1400B2B0A3 /* DazzleLight */,
				C27ACEEE1DC73C1400B2B0A3 /* Products */,
				B09B60E6BB4D63ACB09B5BE5 /* Pods */,
				4BF67CA08342B463A07DBFD1 /* Frameworks */,
			);
			sourceTree = "<group>";
		};
		C27ACEEE1DC73C1400B2B0A3 /* Products */ = {
			isa = PBXGroup;
			children = (
				C27ACEED1DC73C1400B2B0A3 /* DazzleLight.app */,
			);
			name = Products;
			sourceTree = "<group>";
		};
		C27ACEEF1DC73C1400B2B0A3 /* DazzleLight */ = {
			isa = PBXGroup;
			children = (
				C22EA5181E3311A200ADBC32 /* ObjcSugar */,
				C22EA4F41E31C3E400ADBC32 /* HCSortAndSearch */,
				C2DA80E91E2F7F6600A288BD /* UserFeedback(意见反馈) */,
				C25D513F1E2F5FD000C735A1 /* Alipay */,
				C27ACEF31DC73C1400B2B0A3 /* AppDelegate.h */,
				C27ACEF41DC73C1400B2B0A3 /* AppDelegate.m */,
				C27ACEF61DC73C1400B2B0A3 /* ViewController.h */,
				C27ACEF71DC73C1400B2B0A3 /* ViewController.m */,
				C202E5C81E3075DF00EAEAE5 /* CCQMainTableViewController.h */,
				C202E5C91E3075DF00EAEAE5 /* CCQMainTableViewController.m */,
				C27ACEF91DC73C1400B2B0A3 /* Main.storyboard */,
				C27ACEFC1DC73C1400B2B0A3 /* Assets.xcassets */,
				C27ACEFE1DC73C1400B2B0A3 /* LaunchScreen.storyboard */,
				C27ACF011DC73C1400B2B0A3 /* Info.plist */,
				C27ACEF01DC73C1400B2B0A3 /* Supporting Files */,
			);
			path = DazzleLight;
			sourceTree = "<group>";
		};
		C27ACEF01DC73C1400B2B0A3 /* Supporting Files */ = {
			isa = PBXGroup;
			children = (
				C27ACEF11DC73C1400B2B0A3 /* main.m */,
			);
			name = "Supporting Files";
			sourceTree = "<group>";
		};
		C2DA80E91E2F7F6600A288BD /* UserFeedback(意见反馈) */ = {
			isa = PBXGroup;
			children = (
				C2DA80ED1E2F800E00A288BD /* CCQUserFeedBackViewController.h */,
				C2DA80EE1E2F800E00A288BD /* CCQUserFeedBackViewController.m */,
				C2DA80F01E2F803A00A288BD /* CCQPlaceholderTextView.h */,
				C2DA80F11E2F803A00A288BD /* CCQPlaceholderTextView.m */,
				C2DA80F31E2F805500A288BD /* CCQPhotoCollectionViewCell.h */,
				C2DA80F41E2F805500A288BD /* CCQPhotoCollectionViewCell.m */,
			);
			name = "UserFeedback(意见反馈)";
			path = UserFeedback;
			sourceTree = "<group>";
		};
/* End PBXGroup section */

/* Begin PBXNativeTarget section */
		C27ACEEC1DC73C1400B2B0A3 /* DazzleLight */ = {
			isa = PBXNativeTarget;
			buildConfigurationList = C27ACF041DC73C1400B2B0A3 /* Build configuration list for PBXNativeTarget "DazzleLight" */;
			buildPhases = (
				37CB5817D7E568A46FBDAA61 /* [CP] Check Pods Manifest.lock */,
				C27ACEE91DC73C1400B2B0A3 /* Sources */,
				C27ACEEA1DC73C1400B2B0A3 /* Frameworks */,
				C27ACEEB1DC73C1400B2B0A3 /* Resources */,
				96C186610D7C0A33EAEE1DC5 /* [CP] Embed Pods Frameworks */,
				51F1D0622E244B2740C0BD45 /* [CP] Copy Pods Resources */,
			);
			buildRules = (
			);
			dependencies = (
			);
			name = DazzleLight;
			productName = DazzleLight;
			productReference = C27ACEED1DC73C1400B2B0A3 /* DazzleLight.app */;
			productType = "com.apple.product-type.application";
		};
/* End PBXNativeTarget section */

/* Begin PBXProject section */
		C27ACEE51DC73C1400B2B0A3 /* Project object */ = {
			isa = PBXProject;
			attributes = {
				LastUpgradeCheck = 0810;
				ORGANIZATIONNAME = ccq;
				TargetAttributes = {
					C27ACEEC1DC73C1400B2B0A3 = {
						CreatedOnToolsVersion = 8.1;
						DevelopmentTeam = HCPQ4JRW53;
						ProvisioningStyle = Automatic;
					};
				};
			};
			buildConfigurationList = C27ACEE81DC73C1400B2B0A3 /* Build configuration list for PBXProject "DazzleLight" */;
			compatibilityVersion = "Xcode 3.2";
			developmentRegion = English;
			hasScannedForEncodings = 0;
			knownRegions = (
				en,
				Base,
			);
			mainGroup = C27ACEE41DC73C1400B2B0A3;
			productRefGroup = C27ACEEE1DC73C1400B2B0A3 /* Products */;
			projectDirPath = "";
			projectRoot = "";
			targets = (
				C27ACEEC1DC73C1400B2B0A3 /* DazzleLight */,
			);
		};
/* End PBXProject section */

/* Begin PBXResourcesBuildPhase section */
		C27ACEEB1DC73C1400B2B0A3 /* Resources */ = {
			isa = PBXResourcesBuildPhase;
			buildActionMask = 2147483647;
			files = (
				C22EA5151E31C3E400ADBC32 /* unicode_to_hanyu_pinyin.txt in Resources */,
				C27ACF001DC73C1400B2B0A3 /* LaunchScreen.storyboard in Resources */,
				C27ACEFD1DC73C1400B2B0A3 /* Assets.xcassets in Resources */,
				C27ACEFB1DC73C1400B2B0A3 /* Main.storyboard in Resources */,
			);
			runOnlyForDeploymentPostprocessing = 0;
		};
/* End PBXResourcesBuildPhase section */

/* Begin PBXShellScriptBuildPhase section */
		37CB5817D7E568A46FBDAA61 /* [CP] Check Pods Manifest.lock */ = {
			isa = PBXShellScriptBuildPhase;
			buildActionMask = 2147483647;
			files = (
			);
			inputPaths = (
			);
			name = "[CP] Check Pods Manifest.lock";
			outputPaths = (
			);
			runOnlyForDeploymentPostprocessing = 0;
			shellPath = /bin/sh;
			shellScript = "diff \"${PODS_ROOT}/../Podfile.lock\" \"${PODS_ROOT}/Manifest.lock\" > /dev/null\nif [ $? != 0 ] ; then\n    # print error to STDERR\n    echo \"error: The sandbox is not in sync with the Podfile.lock. Run 'pod install' or update your CocoaPods installation.\" >&2\n    exit 1\nfi\n";
			showEnvVarsInLog = 0;
		};
		51F1D0622E244B2740C0BD45 /* [CP] Copy Pods Resources */ = {
			isa = PBXShellScriptBuildPhase;
			buildActionMask = 2147483647;
			files = (
			);
			inputPaths = (
			);
			name = "[CP] Copy Pods Resources";
			outputPaths = (
			);
			runOnlyForDeploymentPostprocessing = 0;
			shellPath = /bin/sh;
			shellScript = "\"${SRCROOT}/Pods/Target Support Files/Pods-DazzleLight/Pods-DazzleLight-resources.sh\"\n";
			showEnvVarsInLog = 0;
		};
		96C186610D7C0A33EAEE1DC5 /* [CP] Embed Pods Frameworks */ = {
			isa = PBXShellScriptBuildPhase;
			buildActionMask = 2147483647;
			files = (
			);
			inputPaths = (
			);
			name = "[CP] Embed Pods Frameworks";
			outputPaths = (
			);
			runOnlyForDeploymentPostprocessing = 0;
			shellPath = /bin/sh;
			shellScript = "\"${SRCROOT}/Pods/Target Support Files/Pods-DazzleLight/Pods-DazzleLight-frameworks.sh\"\n";
			showEnvVarsInLog = 0;
		};
/* End PBXShellScriptBuildPhase section */

/* Begin PBXSourcesBuildPhase section */
		C27ACEE91DC73C1400B2B0A3 /* Sources */ = {
			isa = PBXSourcesBuildPhase;
			buildActionMask = 2147483647;
			files = (
				C22EA5141E31C3E400ADBC32 /* PinyinHelper.m in Sources */,
				C22EA5371E3311A200ADBC32 /* UINavigationController+HMObjcSugar.m in Sources */,
				C22EA5341E3311A200ADBC32 /* UIColor+HMObjcSugar.m in Sources */,
				C2DA80EF1E2F800E00A288BD /* CCQUserFeedBackViewController.m in Sources */,
				C202E5CA1E3075DF00EAEAE5 /* CCQMainTableViewController.m in Sources */,
				C22EA5311E3311A200ADBC32 /* NSDate+HMObjcSugar.m in Sources */,
				C22EA5351E3311A200ADBC32 /* UIImage+HMObjcSugar.m in Sources */,
				C22EA5381E3311A200ADBC32 /* UIScreen+HMObjcSugar.m in Sources */,
				C22EA53A1E3311A200ADBC32 /* UIView+HMObjcSugar.m in Sources */,
				C27ACEF81DC73C1400B2B0A3 /* ViewController.m in Sources */,
				C22EA50C1E31C3E400ADBC32 /* HCSortString.m in Sources */,
				C22EA5391E3311A200ADBC32 /* UITextField+HMObjcSugar.m in Sources */,
				C27ACEF51DC73C1400B2B0A3 /* AppDelegate.m in Sources */,
				C2DA80F51E2F805500A288BD /* CCQPhotoCollectionViewCell.m in Sources */,
				C22EA5101E31C3E400ADBC32 /* HanyuPinyinOutputFormat.m in Sources */,
				C22EA50D1E31C3E400ADBC32 /* UIAlertController+HCAdd.m in Sources */,
				C22EA50F1E31C3E400ADBC32 /* ChineseToPinyinResource.m in Sources */,
				C2DA80F21E2F803A00A288BD /* CCQPlaceholderTextView.m in Sources */,
				C22EA5331E3311A200ADBC32 /* UIButton+HMObjcSugar.m in Sources */,
				C22EA50E1E31C3E400ADBC32 /* ChineseInclude.m in Sources */,
				C22EA5321E3311A200ADBC32 /* NSString+HMObjcSugar.m in Sources */,
				C22EA5301E3311A200ADBC32 /* NSBundle+HMObjcSugar.m in Sources */,
				C22EA5131E31C3E400ADBC32 /* PinYinForObjc.m in Sources */,
				C22EA5161E31C3E400ADBC32 /* ZYPinYinSearch.m in Sources */,
				C22EA5121E31C3E400ADBC32 /* PinyinFormatter.m in Sources */,
				C27ACEF21DC73C1400B2B0A3 /* main.m in Sources */,
				C22EA5361E3311A200ADBC32 /* UILabel+HMObjcSugar.m in Sources */,
				C22EA5111E31C3E400ADBC32 /* NSString+PinYin4Cocoa.m in Sources */,
			);
			runOnlyForDeploymentPostprocessing = 0;
		};
/* End PBXSourcesBuildPhase section */

/* Begin PBXVariantGroup section */
		C27ACEF91DC73C1400B2B0A3 /* Main.storyboard */ = {
			isa = PBXVariantGroup;
			children = (
				C27ACEFA1DC73C1400B2B0A3 /* Base */,
			);
			name = Main.storyboard;
			sourceTree = "<group>";
		};
		C27ACEFE1DC73C1400B2B0A3 /* LaunchScreen.storyboard */ = {
			isa = PBXVariantGroup;
			children = (
				C27ACEFF1DC73C1400B2B0A3 /* Base */,
			);
			name = LaunchScreen.storyboard;
			sourceTree = "<group>";
		};
/* End PBXVariantGroup section */

/* Begin XCBuildConfiguration section */
		C27ACF021DC73C1400B2B0A3 /* Debug */ = {
			isa = XCBuildConfiguration;
			buildSettings = {
				ALWAYS_SEARCH_USER_PATHS = NO;
				CLANG_ANALYZER_NONNULL = YES;
				CLANG_CXX_LANGUAGE_STANDARD = "gnu++0x";
				CLANG_CXX_LIBRARY = "libc++";
				CLANG_ENABLE_MODULES = YES;
				CLANG_ENABLE_OBJC_ARC = YES;
				CLANG_WARN_BOOL_CONVERSION = YES;
				CLANG_WARN_CONSTANT_CONVERSION = YES;
				CLANG_WARN_DIRECT_OBJC_ISA_USAGE = YES_ERROR;
				CLANG_WARN_DOCUMENTATION_COMMENTS = YES;
				CLANG_WARN_EMPTY_BODY = YES;
				CLANG_WARN_ENUM_CONVERSION = YES;
				CLANG_WARN_INFINITE_RECURSION = YES;
				CLANG_WARN_INT_CONVERSION = YES;
				CLANG_WARN_OBJC_ROOT_CLASS = YES_ERROR;
				CLANG_WARN_SUSPICIOUS_MOVES = YES;
				CLANG_WARN_UNREACHABLE_CODE = YES;
				CLANG_WARN__DUPLICATE_METHOD_MATCH = YES;
				"CODE_SIGN_IDENTITY[sdk=iphoneos*]" = "iPhone Developer";
				COPY_PHASE_STRIP = NO;
				DEBUG_INFORMATION_FORMAT = dwarf;
				ENABLE_STRICT_OBJC_MSGSEND = YES;
				ENABLE_TESTABILITY = YES;
				GCC_C_LANGUAGE_STANDARD = gnu99;
				GCC_DYNAMIC_NO_PIC = NO;
				GCC_NO_COMMON_BLOCKS = YES;
				GCC_OPTIMIZATION_LEVEL = 0;
				GCC_PREPROCESSOR_DEFINITIONS = (
					"DEBUG=1",
					"$(inherited)",
				);
				GCC_WARN_64_TO_32_BIT_CONVERSION = YES;
				GCC_WARN_ABOUT_RETURN_TYPE = YES_ERROR;
				GCC_WARN_UNDECLARED_SELECTOR = YES;
				GCC_WARN_UNINITIALIZED_AUTOS = YES_AGGRESSIVE;
				GCC_WARN_UNUSED_FUNCTION = YES;
				GCC_WARN_UNUSED_VARIABLE = YES;
				IPHONEOS_DEPLOYMENT_TARGET = 10.1;
				MTL_ENABLE_DEBUG_INFO = YES;
				ONLY_ACTIVE_ARCH = YES;
				SDKROOT = iphoneos;
			};
			name = Debug;
		};
		C27ACF031DC73C1400B2B0A3 /* Release */ = {
			isa = XCBuildConfiguration;
			buildSettings = {
				ALWAYS_SEARCH_USER_PATHS = NO;
				CLANG_ANALYZER_NONNULL = YES;
				CLANG_CXX_LANGUAGE_STANDARD = "gnu++0x";
				CLANG_CXX_LIBRARY = "libc++";
				CLANG_ENABLE_MODULES = YES;
				CLANG_ENABLE_OBJC_ARC = YES;
				CLANG_WARN_BOOL_CONVERSION = YES;
				CLANG_WARN_CONSTANT_CONVERSION = YES;
				CLANG_WARN_DIRECT_OBJC_ISA_USAGE = YES_ERROR;
				CLANG_WARN_DOCUMENTATION_COMMENTS = YES;
				CLANG_WARN_EMPTY_BODY = YES;
				CLANG_WARN_ENUM_CONVERSION = YES;
				CLANG_WARN_INFINITE_RECURSION = YES;
				CLANG_WARN_INT_CONVERSION = YES;
				CLANG_WARN_OBJC_ROOT_CLASS = YES_ERROR;
				CLANG_WARN_SUSPICIOUS_MOVES = YES;
				CLANG_WARN_UNREACHABLE_CODE = YES;
				CLANG_WARN__DUPLICATE_METHOD_MATCH = YES;
				"CODE_SIGN_IDENTITY[sdk=iphoneos*]" = "iPhone Developer";
				COPY_PHASE_STRIP = NO;
				DEBUG_INFORMATION_FORMAT = "dwarf-with-dsym";
				ENABLE_NS_ASSERTIONS = NO;
				ENABLE_STRICT_OBJC_MSGSEND = YES;
				GCC_C_LANGUAGE_STANDARD = gnu99;
				GCC_NO_COMMON_BLOCKS = YES;
				GCC_WARN_64_TO_32_BIT_CONVERSION = YES;
				GCC_WARN_ABOUT_RETURN_TYPE = YES_ERROR;
				GCC_WARN_UNDECLARED_SELECTOR = YES;
				GCC_WARN_UNINITIALIZED_AUTOS = YES_AGGRESSIVE;
				GCC_WARN_UNUSED_FUNCTION = YES;
				GCC_WARN_UNUSED_VARIABLE = YES;
				IPHONEOS_DEPLOYMENT_TARGET = 10.1;
				MTL_ENABLE_DEBUG_INFO = NO;
				SDKROOT = iphoneos;
				VALIDATE_PRODUCT = YES;
			};
			name = Release;
		};
		C27ACF051DC73C1400B2B0A3 /* Debug */ = {
			isa = XCBuildConfiguration;
			baseConfigurationReference = E746212F1337C06B82C8F2B2 /* Pods-DazzleLight.debug.xcconfig */;
			buildSettings = {
				ASSETCATALOG_COMPILER_APPICON_NAME = AppIcon;
				DEVELOPMENT_TEAM = HCPQ4JRW53;
				INFOPLIST_FILE = DazzleLight/Info.plist;
				LD_RUNPATH_SEARCH_PATHS = "$(inherited) @executable_path/Frameworks";
				PRODUCT_BUNDLE_IDENTIFIER = ccq.sundusk.ios.DazzleLight;
				PRODUCT_NAME = "$(TARGET_NAME)";
			};
			name = Debug;
		};
		C27ACF061DC73C1400B2B0A3 /* Release */ = {
			isa = XCBuildConfiguration;
			baseConfigurationReference = FAF9826E3601A974C9326A51 /* Pods-DazzleLight.release.xcconfig */;
			buildSettings = {
				ASSETCATALOG_COMPILER_APPICON_NAME = AppIcon;
				DEVELOPMENT_TEAM = HCPQ4JRW53;
				INFOPLIST_FILE = DazzleLight/Info.plist;
				LD_RUNPATH_SEARCH_PATHS = "$(inherited) @executable_path/Frameworks";
				PRODUCT_BUNDLE_IDENTIFIER = ccq.sundusk.ios.DazzleLight;
				PRODUCT_NAME = "$(TARGET_NAME)";
			};
			name = Release;
		};
/* End XCBuildConfiguration section */

/* Begin XCConfigurationList section */
		C27ACEE81DC73C1400B2B0A3 /* Build configuration list for PBXProject "DazzleLight" */ = {
			isa = XCConfigurationList;
			buildConfigurations = (
				C27ACF021DC73C1400B2B0A3 /* Debug */,
				C27ACF031DC73C1400B2B0A3 /* Release */,
			);
			defaultConfigurationIsVisible = 0;
			defaultConfigurationName = Release;
		};
		C27ACF041DC73C1400B2B0A3 /* Build configuration list for PBXNativeTarget "DazzleLight" */ = {
			isa = XCConfigurationList;
			buildConfigurations = (
				C27ACF051DC73C1400B2B0A3 /* Debug */,
				C27ACF061DC73C1400B2B0A3 /* Release */,
			);
			defaultConfigurationIsVisible = 0;
			defaultConfigurationName = Release;
		};
/* End XCConfigurationList section */
	};
	rootObject = C27ACEE51DC73C1400B2B0A3 /* Project object */;
}
